// !$*UTF8*$!
{
	archiveVersion = 1;
	classes = {
	};
	objectVersion = 50;
	objects = {

/* Begin PBXBuildFile section */
		178FDDBD25260D23007B353E /* EmojimoryApp.swift in Sources */ = {isa = PBXBuildFile; fileRef = 178FDDBC25260D23007B353E /* EmojimoryApp.swift */; };
		178FDDC125260D25007B353E /* Assets.xcassets in Resources */ = {isa = PBXBuildFile; fileRef = 178FDDC025260D25007B353E /* Assets.xcassets */; };
		178FDDC425260D25007B353E /* Preview Assets.xcassets in Resources */ = {isa = PBXBuildFile; fileRef = 178FDDC325260D25007B353E /* Preview Assets.xcassets */; };
		178FDDCE25260E0A007B353E /* readme.md in Resources */ = {isa = PBXBuildFile; fileRef = 178FDDCD25260E0A007B353E /* readme.md */; };
		178FDDD125260F5F007B353E /* MemoryGameView.swift in Sources */ = {isa = PBXBuildFile; fileRef = 178FDDD025260F5F007B353E /* MemoryGameView.swift */; };
		178FDDD425260F6F007B353E /* MemoryGameModel.swift in Sources */ = {isa = PBXBuildFile; fileRef = 178FDDD325260F6F007B353E /* MemoryGameModel.swift */; };
		178FDDD725260F80007B353E /* MemoryGameViewModel.swift in Sources */ = {isa = PBXBuildFile; fileRef = 178FDDD625260F80007B353E /* MemoryGameViewModel.swift */; };
		178FDDDC2526104E007B353E /* SettingsView.swift in Sources */ = {isa = PBXBuildFile; fileRef = 178FDDDB2526104E007B353E /* SettingsView.swift */; };
/* End PBXBuildFile section */

/* Begin PBXFileReference section */
		178FDDB925260D23007B353E /* Emojimory.app */ = {isa = PBXFileReference; explicitFileType = wrapper.application; includeInIndex = 0; path = Emojimory.app; sourceTree = BUILT_PRODUCTS_DIR; };
		178FDDBC25260D23007B353E /* EmojimoryApp.swift */ = {isa = PBXFileReference; lastKnownFileType = sourcecode.swift; path = EmojimoryApp.swift; sourceTree = "<group>"; };
		178FDDC025260D25007B353E /* Assets.xcassets */ = {isa = PBXFileReference; lastKnownFileType = folder.assetcatalog; path = Assets.xcassets; sourceTree = "<group>"; };
		178FDDC325260D25007B353E /* Preview Assets.xcassets */ = {isa = PBXFileReference; lastKnownFileType = folder.assetcatalog; path = "Preview Assets.xcassets"; sourceTree = "<group>"; };
		178FDDC525260D25007B353E /* Info.plist */ = {isa = PBXFileReference; lastKnownFileType = text.plist.xml; path = Info.plist; sourceTree = "<group>"; };
		178FDDCD25260E0A007B353E /* readme.md */ = {isa = PBXFileReference; fileEncoding = 4; lastKnownFileType = net.daringfireball.markdown; path = readme.md; sourceTree = SOURCE_ROOT; };
		178FDDD025260F5F007B353E /* MemoryGameView.swift */ = {isa = PBXFileReference; lastKnownFileType = sourcecode.swift; path = MemoryGameView.swift; sourceTree = "<group>"; };
		178FDDD325260F6F007B353E /* MemoryGameModel.swift */ = {isa = PBXFileReference; lastKnownFileType = sourcecode.swift; path = MemoryGameModel.swift; sourceTree = "<group>"; };
		178FDDD625260F80007B353E /* MemoryGameViewModel.swift */ = {isa = PBXFileReference; lastKnownFileType = sourcecode.swift; path = MemoryGameViewModel.swift; sourceTree = "<group>"; };
		178FDDDB2526104E007B353E /* SettingsView.swift */ = {isa = PBXFileReference; lastKnownFileType = sourcecode.swift; path = SettingsView.swift; sourceTree = "<group>"; };
/* End PBXFileReference section */

/* Begin PBXFrameworksBuildPhase section */
		178FDDB625260D23007B353E /* Frameworks */ = {
			isa = PBXFrameworksBuildPhase;
			buildActionMask = 2147483647;
			files = (
			);
			runOnlyForDeploymentPostprocessing = 0;
		};
/* End PBXFrameworksBuildPhase section */

/* Begin PBXGroup section */
		178FDDB025260D23007B353E = {
			isa = PBXGroup;
			children = (
				178FDDBB25260D23007B353E /* Emojimory */,
				178FDDBA25260D23007B353E /* Products */,
				178FDDCC25260DD9007B353E /* git-files */,
			);
			sourceTree = "<group>";
		};
		178FDDBA25260D23007B353E /* Products */ = {
			isa = PBXGroup;
			children = (
				178FDDB925260D23007B353E /* Emojimory.app */,
			);
			name = Products;
			sourceTree = "<group>";
		};
		178FDDBB25260D23007B353E /* Emojimory */ = {
			isa = PBXGroup;
			children = (
				178FDDBC25260D23007B353E /* EmojimoryApp.swift */,
				178FDDD025260F5F007B353E /* MemoryGameView.swift */,
				178FDDD325260F6F007B353E /* MemoryGameModel.swift */,
				178FDDD625260F80007B353E /* MemoryGameViewModel.swift */,
				178FDDDB2526104E007B353E /* SettingsView.swift */,
				178FDDC525260D25007B353E /* Info.plist */,
				178FDDC025260D25007B353E /* Assets.xcassets */,
				178FDDC225260D25007B353E /* Preview Content */,
			);
			path = Emojimory;
			sourceTree = "<group>";
		};
		178FDDC225260D25007B353E /* Preview Content */ = {
			isa = PBXGroup;
			children = (
				178FDDC325260D25007B353E /* Preview Assets.xcassets */,
			);
			path = "Preview Content";
			sourceTree = "<group>";
		};
		178FDDCC25260DD9007B353E /* git-files */ = {
			isa = PBXGroup;
			children = (
				178FDDCD25260E0A007B353E /* readme.md */,
			);
			path = "git-files";
			sourceTree = "<group>";
		};
/* End PBXGroup section */

/* Begin PBXNativeTarget section */
		178FDDB825260D23007B353E /* Emojimory */ = {
			isa = PBXNativeTarget;
			buildConfigurationList = 178FDDC825260D25007B353E /* Build configuration list for PBXNativeTarget "Emojimory" */;
			buildPhases = (
				178FDDB525260D23007B353E /* Sources */,
				178FDDB625260D23007B353E /* Frameworks */,
				178FDDB725260D23007B353E /* Resources */,
			);
			buildRules = (
			);
			dependencies = (
			);
			name = Emojimory;
			productName = Emojimory;
			productReference = 178FDDB925260D23007B353E /* Emojimory.app */;
			productType = "com.apple.product-type.application";
		};
/* End PBXNativeTarget section */

/* Begin PBXProject section */
		178FDDB125260D23007B353E /* Project object */ = {
			isa = PBXProject;
			attributes = {
				LastSwiftUpdateCheck = 1200;
				LastUpgradeCheck = 1200;
				TargetAttributes = {
					178FDDB825260D23007B353E = {
						CreatedOnToolsVersion = 12.0.1;
					};
				};
			};
			buildConfigurationList = 178FDDB425260D23007B353E /* Build configuration list for PBXProject "Emojimory" */;
			compatibilityVersion = "Xcode 9.3";
			developmentRegion = en;
			hasScannedForEncodings = 0;
			knownRegions = (
				en,
				Base,
			);
			mainGroup = 178FDDB025260D23007B353E;
			productRefGroup = 178FDDBA25260D23007B353E /* Products */;
			projectDirPath = "";
			projectRoot = "";
			targets = (
				178FDDB825260D23007B353E /* Emojimory */,
			);
		};
/* End PBXProject section */

/* Begin PBXResourcesBuildPhase section */
		178FDDB725260D23007B353E /* Resources */ = {
			isa = PBXResourcesBuildPhase;
			buildActionMask = 2147483647;
			files = (
				178FDDC425260D25007B353E /* Preview Assets.xcassets in Resources */,
				178FDDCE25260E0A007B353E /* readme.md in Resources */,
				178FDDC125260D25007B353E /* Assets.xcassets in Resources */,
			);
			runOnlyForDeploymentPostprocessing = 0;
		};
/* End PBXResourcesBuildPhase section */

/* Begin PBXSourcesBuildPhase section */
		178FDDB525260D23007B353E /* Sources */ = {
			isa = PBXSourcesBuildPhase;
			buildActionMask = 2147483647;
			files = (
				178FDDDC2526104E007B353E /* SettingsView.swift in Sources */,
				178FDDD425260F6F007B353E /* MemoryGameModel.swift in Sources */,
				178FDDD725260F80007B353E /* MemoryGameViewModel.swift in Sources */,
				178FDDD125260F5F007B353E /* MemoryGameView.swift in Sources */,
				178FDDBD25260D23007B353E /* EmojimoryApp.swift in Sources */,
			);
			runOnlyForDeploymentPostprocessing = 0;
		};
/* End PBXSourcesBuildPhase section */

/* Begin XCBuildConfiguration section */
		178FDDC625260D25007B353E /* Debug */ = {
			isa = XCBuildConfiguration;
			buildSettings = {
				ALWAYS_SEARCH_USER_PATHS = NO;
				CLANG_ANALYZER_NONNULL = YES;
				CLANG_ANALYZER_NUMBER_OBJECT_CONVERSION = YES_AGGRESSIVE;
				CLANG_CXX_LANGUAGE_STANDARD = "gnu++14";
				CLANG_CXX_LIBRARY = "libc++";
				CLANG_ENABLE_MODULES = YES;
				CLANG_ENABLE_OBJC_ARC = YES;
				CLANG_ENABLE_OBJC_WEAK = YES;
				CLANG_WARN_BLOCK_CAPTURE_AUTORELEASING = YES;
				CLANG_WARN_BOOL_CONVERSION = YES;
				CLANG_WARN_COMMA = YES;
				CLANG_WARN_CONSTANT_CONVERSION = YES;
				CLANG_WARN_DEPRECATED_OBJC_IMPLEMENTATIONS = YES;
				CLANG_WARN_DIRECT_OBJC_ISA_USAGE = YES_ERROR;
				CLANG_WARN_DOCUMENTATION_COMMENTS = YES;
				CLANG_WARN_EMPTY_BODY = YES;
				CLANG_WARN_ENUM_CONVERSION = YES;
				CLANG_WARN_INFINITE_RECURSION = YES;
				CLANG_WARN_INT_CONVERSION = YES;
				CLANG_WARN_NON_LITERAL_NULL_CONVERSION = YES;
				CLANG_WARN_OBJC_IMPLICIT_RETAIN_SELF = YES;
				CLANG_WARN_OBJC_LITERAL_CONVERSION = YES;
				CLANG_WARN_OBJC_ROOT_CLASS = YES_ERROR;
				CLANG_WARN_QUOTED_INCLUDE_IN_FRAMEWORK_HEADER = YES;
				CLANG_WARN_RANGE_LOOP_ANALYSIS = YES;
				CLANG_WARN_STRICT_PROTOTYPES = YES;
				CLANG_WARN_SUSPICIOUS_MOVE = YES;
				CLANG_WARN_UNGUARDED_AVAILABILITY = YES_AGGRESSIVE;
				CLANG_WARN_UNREACHABLE_CODE = YES;
				CLANG_WARN__DUPLICATE_METHOD_MATCH = YES;
				COPY_PHASE_STRIP = NO;
				DEBUG_INFORMATION_FORMAT = dwarf;
				ENABLE_STRICT_OBJC_MSGSEND = YES;
				ENABLE_TESTABILITY = YES;
				GCC_C_LANGUAGE_STANDARD = gnu11;
				GCC_DYNAMIC_NO_PIC = NO;
				GCC_NO_COMMON_BLOCKS = YES;
				GCC_OPTIMIZATION_LEVEL = 0;
				GCC_PREPROCESSOR_DEFINITIONS = (
					"DEBUG=1",
					"$(inherited)",
				);
				GCC_WARN_64_TO_32_BIT_CONVERSION = YES;
				GCC_WARN_ABOUT_RETURN_TYPE = YES_ERROR;
				GCC_WARN_UNDECLARED_SELECTOR = YES;
				GCC_WARN_UNINITIALIZED_AUTOS = YES_AGGRESSIVE;
				GCC_WARN_UNUSED_FUNCTION = YES;
				GCC_WARN_UNUSED_VARIABLE = YES;
				IPHONEOS_DEPLOYMENT_TARGET = 14.0;
				MTL_ENABLE_DEBUG_INFO = INCLUDE_SOURCE;
				MTL_FAST_MATH = YES;
				ONLY_ACTIVE_ARCH = YES;
				SDKROOT = iphoneos;
				SWIFT_ACTIVE_COMPILATION_CONDITIONS = DEBUG;
				SWIFT_OPTIMIZATION_LEVEL = "-Onone";
			};
			name = Debug;
		};
		178FDDC725260D25007B353E /* Release */ = {
			isa = XCBuildConfiguration;
			buildSettings = {
				ALWAYS_SEARCH_USER_PATHS = NO;
				CLANG_ANALYZER_NONNULL = YES;
				CLANG_ANALYZER_NUMBER_OBJECT_CONVERSION = YES_AGGRESSIVE;
				CLANG_CXX_LANGUAGE_STANDARD = "gnu++14";
				CLANG_CXX_LIBRARY = "libc++";
				CLANG_ENABLE_MODULES = YES;
				CLANG_ENABLE_OBJC_ARC = YES;
				CLANG_ENABLE_OBJC_WEAK = YES;
				CLANG_WARN_BLOCK_CAPTURE_AUTORELEASING = YES;
				CLANG_WARN_BOOL_CONVERSION = YES;
				CLANG_WARN_COMMA = YES;
				CLANG_WARN_CONSTANT_CONVERSION = YES;
				CLANG_WARN_DEPRECATED_OBJC_IMPLEMENTATIONS = YES;
				CLANG_WARN_DIRECT_OBJC_ISA_USAGE = YES_ERROR;
				CLANG_WARN_DOCUMENTATION_COMMENTS = YES;
				CLANG_WARN_EMPTY_BODY = YES;
				CLANG_WARN_ENUM_CONVERSION = YES;
				CLANG_WARN_INFINITE_RECURSION = YES;
				CLANG_WARN_INT_CONVERSION = YES;
				CLANG_WARN_NON_LITERAL_NULL_CONVERSION = YES;
				CLANG_WARN_OBJC_IMPLICIT_RETAIN_SELF = YES;
				CLANG_WARN_OBJC_LITERAL_CONVERSION = YES;
				CLANG_WARN_OBJC_ROOT_CLASS = YES_ERROR;
				CLANG_WARN_QUOTED_INCLUDE_IN_FRAMEWORK_HEADER = YES;
				CLANG_WARN_RANGE_LOOP_ANALYSIS = YES;
				CLANG_WARN_STRICT_PROTOTYPES = YES;
				CLANG_WARN_SUSPICIOUS_MOVE = YES;
				CLANG_WARN_UNGUARDED_AVAILABILITY = YES_AGGRESSIVE;
				CLANG_WARN_UNREACHABLE_CODE = YES;
				CLANG_WARN__DUPLICATE_METHOD_MATCH = YES;
				COPY_PHASE_STRIP = NO;
				DEBUG_INFORMATION_FORMAT = "dwarf-with-dsym";
				ENABLE_NS_ASSERTIONS = NO;
				ENABLE_STRICT_OBJC_MSGSEND = YES;
				GCC_C_LANGUAGE_STANDARD = gnu11;
				GCC_NO_COMMON_BLOCKS = YES;
				GCC_WARN_64_TO_32_BIT_CONVERSION = YES;
				GCC_WARN_ABOUT_RETURN_TYPE = YES_ERROR;
				GCC_WARN_UNDECLARED_SELECTOR = YES;
				GCC_WARN_UNINITIALIZED_AUTOS = YES_AGGRESSIVE;
				GCC_WARN_UNUSED_FUNCTION = YES;
				GCC_WARN_UNUSED_VARIABLE = YES;
				IPHONEOS_DEPLOYMENT_TARGET = 14.0;
				MTL_ENABLE_DEBUG_INFO = NO;
				MTL_FAST_MATH = YES;
				SDKROOT = iphoneos;
				SWIFT_COMPILATION_MODE = wholemodule;
				SWIFT_OPTIMIZATION_LEVEL = "-O";
				VALIDATE_PRODUCT = YES;
			};
			name = Release;
		};
		178FDDC925260D25007B353E /* Debug */ = {
			isa = XCBuildConfiguration;
			buildSettings = {
				ASSETCATALOG_COMPILER_APPICON_NAME = AppIcon;
				ASSETCATALOG_COMPILER_GLOBAL_ACCENT_COLOR_NAME = AccentColor;
				CODE_SIGN_STYLE = Automatic;
				DEVELOPMENT_ASSET_PATHS = "\"Emojimory/Preview Content\"";
				DEVELOPMENT_TEAM = 8645K2QD2L;
				ENABLE_PREVIEWS = YES;
				INFOPLIST_FILE = Emojimory/Info.plist;
				IPHONEOS_DEPLOYMENT_TARGET = 14.0;
				LD_RUNPATH_SEARCH_PATHS = (
					"$(inherited)",
					"@executable_path/Frameworks",
				);
				PRODUCT_BUNDLE_IDENTIFIER = org.lichtwellenreiter.fhnw.Emojimory;
				PRODUCT_NAME = "$(TARGET_NAME)";
				SWIFT_VERSION = 5.0;
				TARGETED_DEVICE_FAMILY = "1,2";
			};
			name = Debug;
		};
		178FDDCA25260D25007B353E /* Release */ = {
			isa = XCBuildConfiguration;
			buildSettings = {
				ASSETCATALOG_COMPILER_APPICON_NAME = AppIcon;
				ASSETCATALOG_COMPILER_GLOBAL_ACCENT_COLOR_NAME = AccentColor;
				CODE_SIGN_STYLE = Automatic;
				DEVELOPMENT_ASSET_PATHS = "\"Emojimory/Preview Content\"";
				DEVELOPMENT_TEAM = 8645K2QD2L;
				ENABLE_PREVIEWS = YES;
				INFOPLIST_FILE = Emojimory/Info.plist;
				IPHONEOS_DEPLOYMENT_TARGET = 14.0;
				LD_RUNPATH_SEARCH_PATHS = (
					"$(inherited)",
					"@executable_path/Frameworks",
				);
				PRODUCT_BUNDLE_IDENTIFIER = org.lichtwellenreiter.fhnw.Emojimory;
				PRODUCT_NAME = "$(TARGET_NAME)";
				SWIFT_VERSION = 5.0;
				TARGETED_DEVICE_FAMILY = "1,2";
			};
			name = Release;
		};
/* End XCBuildConfiguration section */

/* Begin XCConfigurationList section */
		178FDDB425260D23007B353E /* Build configuration list for PBXProject "Emojimory" */ = {
			isa = XCConfigurationList;
			buildConfigurations = (
				178FDDC625260D25007B353E /* Debug */,
				178FDDC725260D25007B353E /* Release */,
			);
			defaultConfigurationIsVisible = 0;
			defaultConfigurationName = Release;
		};
		178FDDC825260D25007B353E /* Build configuration list for PBXNativeTarget "Emojimory" */ = {
			isa = XCConfigurationList;
			buildConfigurations = (
				178FDDC925260D25007B353E /* Debug */,
				178FDDCA25260D25007B353E /* Release */,
			);
			defaultConfigurationIsVisible = 0;
			defaultConfigurationName = Release;
		};
/* End XCConfigurationList section */
	};
	rootObject = 178FDDB125260D23007B353E /* Project object */;
}
